
Microsoft Visual Studio Solution File, Format Version 12.00
# Visual Studio Version 17
VisualStudioVersion = 17.8.34316.72
MinimumVisualStudioVersion = 10.0.40219.1
Project("{FAE04EC0-301F-11D3-BF4B-00C04F79EFBC}") = "VxiSurvey", "VxiSurvey\VxiSurvey.csproj", "{5AD61511-42B2-4397-BBF3-E316EC5E5F13}"
EndProject
Global
	GlobalSection(SolutionConfigurationPlatforms) = preSolution
		Debug|Any CPU = Debug|Any CPU
		Release|Any CPU = Release|Any CPU
	EndGlobalSection
	GlobalSection(ProjectConfigurationPlatforms) = postSolution
		{5AD61511-42B2-4397-BBF3-E316EC5E5F13}.Debug|Any CPU.ActiveCfg = Debug|Any CPU
		{5AD61511-42B2-4397-BBF3-E316EC5E5F13}.Debug|Any CPU.Build.0 = Debug|Any CPU
		{5AD61511-42B2-4397-BBF3-E316EC5E5F13}.Release|Any CPU.ActiveCfg = Release|Any CPU
		{5AD61511-42B2-4397-BBF3-E316EC5E5F13}.Release|Any CPU.Build.0 = Release|Any CPU
	EndGlobalSection
	GlobalSection(SolutionProperties) = preSolution
		HideSolutionNode = FALSE
	EndGlobalSection
	GlobalSection(ExtensibilityGlobals) = postSolution
		SolutionGuid = {345A82BB-9FB4-4435-8BF7-56668E556442}
	EndGlobalSection
EndGlobal
